
Microsoft Visual Studio Solution File, Format Version 12.00
# Visual Studio Version 16
VisualStudioVersion = 16.0.30225.117
MinimumVisualStudioVersion = 10.0.40219.1
Project("{FAE04EC0-301F-11D3-BF4B-00C04F79EFBC}") = "BinarySearchTree", "BinarySearchTree.csproj", "{D7C08C48-E09E-4410-B5D2-0C620C626864}"
EndProject
Global
	GlobalSection(SolutionConfigurationPlatforms) = preSolution
		Debug|Any CPU = Debug|Any CPU
		Release|Any CPU = Release|Any CPU
	EndGlobalSection
	GlobalSection(ProjectConfigurationPlatforms) = postSolution
		{D7C08C48-E09E-4410-B5D2-0C620C626864}.Debug|Any CPU.ActiveCfg = Debug|Any CPU
		{D7C08C48-E09E-4410-B5D2-0C620C626864}.Debug|Any CPU.Build.0 = Debug|Any CPU
		{D7C08C48-E09E-4410-B5D2-0C620C626864}.Release|Any CPU.ActiveCfg = Release|Any CPU
		{D7C08C48-E09E-4410-B5D2-0C620C626864}.Release|Any CPU.Build.0 = Release|Any CPU
	EndGlobalSection
	GlobalSection(SolutionProperties) = preSolution
		HideSolutionNode = FALSE
	EndGlobalSection
	GlobalSection(ExtensibilityGlobals) = postSolution
		SolutionGuid = {E4216C68-5AE2-45A6-8B30-90AF39222755}
	EndGlobalSection
EndGlobal
